
Microsoft Visual Studio Solution File, Format Version 12.00
# Visual Studio Version 17
VisualStudioVersion = 17.11.35327.3
MinimumVisualStudioVersion = 10.0.40219.1
Project("{8BC9CEB8-8B4A-11D0-8D11-00A0C91BC942}") = "DFA-machine-learning", "DFA-machine-learning.vcxproj", "{FCE680C7-3739-4A88-923A-C182C70DD1C4}"
EndProject
Global
	GlobalSection(SolutionConfigurationPlatforms) = preSolution
		Debug|x64 = Debug|x64
		Debug|x86 = Debug|x86
		Release|x64 = Release|x64
		Release|x86 = Release|x86
	EndGlobalSection
	GlobalSection(ProjectConfigurationPlatforms) = postSolution
		{FCE680C7-3739-4A88-923A-C182C70DD1C4}.Debug|x64.ActiveCfg = Debug|x64
		{FCE680C7-3739-4A88-923A-C182C70DD1C4}.Debug|x64.Build.0 = Debug|x64
		{FCE680C7-3739-4A88-923A-C182C70DD1C4}.Debug|x86.ActiveCfg = Debug|Win32
		{FCE680C7-3739-4A88-923A-C182C70DD1C4}.Debug|x86.Build.0 = Debug|Win32
		{FCE680C7-3739-4A88-923A-C182C70DD1C4}.Release|x64.ActiveCfg = Release|x64
		{FCE680C7-3739-4A88-923A-C182C70DD1C4}.Release|x64.Build.0 = Release|x64
		{FCE680C7-3739-4A88-923A-C182C70DD1C4}.Release|x86.ActiveCfg = Release|Win32
		{FCE680C7-3739-4A88-923A-C182C70DD1C4}.Release|x86.Build.0 = Release|Win32
	EndGlobalSection
	GlobalSection(SolutionProperties) = preSolution
		HideSolutionNode = FALSE
	EndGlobalSection
	GlobalSection(ExtensibilityGlobals) = postSolution
		SolutionGuid = {E4578853-87DF-44F7-ACC6-8A468AE1110A}
	EndGlobalSection
EndGlobal
